
Microsoft Visual Studio Solution File, Format Version 12.00
# Visual Studio Version 16
VisualStudioVersion = 16.0.32510.428
MinimumVisualStudioVersion = 10.0.40219.1
Project("{FAE04EC0-301F-11D3-BF4B-00C04F79EFBC}") = "AccentColorizer-E11", "AccentColorizer-E11\AccentColorizer-E11.csproj", "{194587B0-A9E7-46FA-84F7-CB980D69B8F2}"
EndProject
Global
	GlobalSection(SolutionConfigurationPlatforms) = preSolution
		Debug|Any CPU = Debug|Any CPU
		Release|Any CPU = Release|Any CPU
	EndGlobalSection
	GlobalSection(ProjectConfigurationPlatforms) = postSolution
		{194587B0-A9E7-46FA-84F7-CB980D69B8F2}.Debug|Any CPU.ActiveCfg = Debug|Any CPU
		{194587B0-A9E7-46FA-84F7-CB980D69B8F2}.Debug|Any CPU.Build.0 = Debug|Any CPU
		{194587B0-A9E7-46FA-84F7-CB980D69B8F2}.Release|Any CPU.ActiveCfg = Release|Any CPU
		{194587B0-A9E7-46FA-84F7-CB980D69B8F2}.Release|Any CPU.Build.0 = Release|Any CPU
	EndGlobalSection
	GlobalSection(SolutionProperties) = preSolution
		HideSolutionNode = FALSE
	EndGlobalSection
	GlobalSection(ExtensibilityGlobals) = postSolution
		SolutionGuid = {AD262A68-3416-497B-BDD3-B3ABC941A15C}
	EndGlobalSection
EndGlobal
